{
  "name": "legalese.com",
  "version": "1.0.0",
  "lockfileVersion": 1,
  "requires": true,
  "dependencies": {
    "lodash": {
      "version": "4.17.14",
      "resolved": "https://registry.npmjs.org/lodash/-/lodash-4.17.14.tgz",
      "integrity": "sha512-mmKYbW3GLuJeX+iGP+Y7Gp1AiGHGbXHCOh/jZmrawMmsE7MS4znI3RL2FsjbqOyMayHInjOeykW7PEajUk1/xw=="
    }
  }
}
